
Microsoft Visual Studio Solution File, Format Version 12.00
# Visual Studio Version 16
VisualStudioVersion = 16.0.30011.22
MinimumVisualStudioVersion = 10.0.40219.1
Project("{F184B08F-C81C-45F6-A57F-5ABD9991F28F}") = "Api_Rest", "Api_Rest\Api_Rest.vbproj", "{5E5D597D-E4D5-4530-9CDA-C811D79452A1}"
EndProject
Global
	GlobalSection(SolutionConfigurationPlatforms) = preSolution
		Debug|Any CPU = Debug|Any CPU
		Release|Any CPU = Release|Any CPU
	EndGlobalSection
	GlobalSection(ProjectConfigurationPlatforms) = postSolution
		{5E5D597D-E4D5-4530-9CDA-C811D79452A1}.Debug|Any CPU.ActiveCfg = Debug|Any CPU
		{5E5D597D-E4D5-4530-9CDA-C811D79452A1}.Debug|Any CPU.Build.0 = Debug|Any CPU
		{5E5D597D-E4D5-4530-9CDA-C811D79452A1}.Release|Any CPU.ActiveCfg = Release|Any CPU
		{5E5D597D-E4D5-4530-9CDA-C811D79452A1}.Release|Any CPU.Build.0 = Release|Any CPU
	EndGlobalSection
	GlobalSection(SolutionProperties) = preSolution
		HideSolutionNode = FALSE
	EndGlobalSection
	GlobalSection(ExtensibilityGlobals) = postSolution
		SolutionGuid = {AEA07EE3-658C-4A2C-B523-6D941BCFEE24}
	EndGlobalSection
EndGlobal
